{
  "name": "nakisha-shaikh",
  "lockfileVersion": 2,
  "requires": true,
  "packages": {
    "": {
      "dependencies": {
        "vue-tour": "^2.0.0"
      }
    },
    "node_modules/@popperjs/core": {
      "version": "2.11.5",
      "resolved": "https://registry.npmjs.org/@popperjs/core/-/core-2.11.5.tgz",
      "integrity": "sha512-9X2obfABZuDVLCgPK9aX0a/x4jaOEweTTWE2+9sr0Qqqevj2Uv5XorvusThmc9XGYpS9yI+fhh8RTafBtGposw==",
      "funding": {
        "type": "opencollective",
        "url": "https://opencollective.com/popperjs"
      }
    },
    "node_modules/hash-sum": {
      "version": "2.0.0",
      "resolved": "https://registry.npmjs.org/hash-sum/-/hash-sum-2.0.0.tgz",
      "integrity": "sha512-WdZTbAByD+pHfl/g9QSsBIIwy8IT+EsPiKDs0KNX+zSHhdDLFKdZu0BQHljvO+0QI/BasbMSUa8wYNCZTvhslg=="
    },
    "node_modules/jump.js": {
      "version": "1.0.2",
      "resolved": "https://registry.npmjs.org/jump.js/-/jump.js-1.0.2.tgz",
      "integrity": "sha1-4GQbR/QKOPITnCX9oFAL8o5DAVo="
    },
    "node_modules/vue": {
      "version": "2.6.14",
      "resolved": "https://registry.npmjs.org/vue/-/vue-2.6.14.tgz",
      "integrity": "sha512-x2284lgYvjOMj3Za7kqzRcUSxBboHqtgRE2zlos1qWaOye5yUmHn42LB1250NJBLRwEcdrB0JRwyPTEPhfQjiQ=="
    },
    "node_modules/vue-tour": {
      "version": "2.0.0",
      "resolved": "https://registry.npmjs.org/vue-tour/-/vue-tour-2.0.0.tgz",
      "integrity": "sha512-vhKzqdhunQ3EoO1733UxhOB389u3EKv2X8JqYhX4tIq4ilqlZtnY3azPFBYPFmnAqHn5RyZBrP2CpqSaxTs8og==",
      "dependencies": {
        "@popperjs/core": "^2.9.1",
        "hash-sum": "^2.0.0",
        "jump.js": "^1.0.2",
        "vue": "^2.6.12"
      }
    }
  },
  "dependencies": {
    "@popperjs/core": {
      "version": "2.11.5",
      "resolved": "https://registry.npmjs.org/@popperjs/core/-/core-2.11.5.tgz",
      "integrity": "sha512-9X2obfABZuDVLCgPK9aX0a/x4jaOEweTTWE2+9sr0Qqqevj2Uv5XorvusThmc9XGYpS9yI+fhh8RTafBtGposw=="
    },
    "hash-sum": {
      "version": "2.0.0",
      "resolved": "https://registry.npmjs.org/hash-sum/-/hash-sum-2.0.0.tgz",
      "integrity": "sha512-WdZTbAByD+pHfl/g9QSsBIIwy8IT+EsPiKDs0KNX+zSHhdDLFKdZu0BQHljvO+0QI/BasbMSUa8wYNCZTvhslg=="
    },
    "jump.js": {
      "version": "1.0.2",
      "resolved": "https://registry.npmjs.org/jump.js/-/jump.js-1.0.2.tgz",
      "integrity": "sha1-4GQbR/QKOPITnCX9oFAL8o5DAVo="
    },
    "vue": {
      "version": "2.6.14",
      "resolved": "https://registry.npmjs.org/vue/-/vue-2.6.14.tgz",
      "integrity": "sha512-x2284lgYvjOMj3Za7kqzRcUSxBboHqtgRE2zlos1qWaOye5yUmHn42LB1250NJBLRwEcdrB0JRwyPTEPhfQjiQ=="
    },
    "vue-tour": {
      "version": "2.0.0",
      "resolved": "https://registry.npmjs.org/vue-tour/-/vue-tour-2.0.0.tgz",
      "integrity": "sha512-vhKzqdhunQ3EoO1733UxhOB389u3EKv2X8JqYhX4tIq4ilqlZtnY3azPFBYPFmnAqHn5RyZBrP2CpqSaxTs8og==",
      "requires": {
        "@popperjs/core": "^2.9.1",
        "hash-sum": "^2.0.0",
        "jump.js": "^1.0.2",
        "vue": "^2.6.12"
      }
    }
  }
}
